
Microsoft Visual Studio Solution File, Format Version 12.00
# Visual Studio Version 16
VisualStudioVersion = 16.0.29519.87
MinimumVisualStudioVersion = 10.0.40219.1
Project("{8BC9CEB8-8B4A-11D0-8D11-00A0C91BC942}") = "001_VIrtualAddressSpaceLayout", "001_VIrtualAddressSpaceLayout\001_VIrtualAddressSpaceLayout.vcxproj", "{EEF1DB5E-A6E1-4245-8A2B-7B0E7246609C}"
EndProject
Project("{8BC9CEB8-8B4A-11D0-8D11-00A0C91BC942}") = "002_DataAndDataType", "002_DataAndDataType\002_DataAndDataType.vcxproj", "{8CC325E0-1BCA-454B-A2FB-798D0C03B02C}"
EndProject
Project("{8BC9CEB8-8B4A-11D0-8D11-00A0C91BC942}") = "003_Variable", "003_ForVariables\003_ForVariables.vcxproj", "{1613D089-3C69-4B56-9218-AF48DD70AB02}"
EndProject
Project("{8BC9CEB8-8B4A-11D0-8D11-00A0C91BC942}") = "HelloWorld", "HelloWorld\HelloWorld.vcxproj", "{B509F0B0-C19C-43A6-9606-547517C44BBC}"
EndProject
Project("{8BC9CEB8-8B4A-11D0-8D11-00A0C91BC942}") = "004_PointerVariable", "004_PointerVariable\004_PointerVariable.vcxproj", "{6E0279DA-9E37-4F0D-B576-556C3CE5985D}"
EndProject
Global
	GlobalSection(SolutionConfigurationPlatforms) = preSolution
		Debug|x64 = Debug|x64
		Debug|x86 = Debug|x86
		Release|x64 = Release|x64
		Release|x86 = Release|x86
	EndGlobalSection
	GlobalSection(ProjectConfigurationPlatforms) = postSolution
		{EEF1DB5E-A6E1-4245-8A2B-7B0E7246609C}.Debug|x64.ActiveCfg = Debug|x64
		{EEF1DB5E-A6E1-4245-8A2B-7B0E7246609C}.Debug|x64.Build.0 = Debug|x64
		{EEF1DB5E-A6E1-4245-8A2B-7B0E7246609C}.Debug|x86.ActiveCfg = Debug|Win32
		{EEF1DB5E-A6E1-4245-8A2B-7B0E7246609C}.Debug|x86.Build.0 = Debug|Win32
		{EEF1DB5E-A6E1-4245-8A2B-7B0E7246609C}.Release|x64.ActiveCfg = Release|x64
		{EEF1DB5E-A6E1-4245-8A2B-7B0E7246609C}.Release|x64.Build.0 = Release|x64
		{EEF1DB5E-A6E1-4245-8A2B-7B0E7246609C}.Release|x86.ActiveCfg = Release|Win32
		{EEF1DB5E-A6E1-4245-8A2B-7B0E7246609C}.Release|x86.Build.0 = Release|Win32
		{8CC325E0-1BCA-454B-A2FB-798D0C03B02C}.Debug|x64.ActiveCfg = Debug|x64
		{8CC325E0-1BCA-454B-A2FB-798D0C03B02C}.Debug|x64.Build.0 = Debug|x64
		{8CC325E0-1BCA-454B-A2FB-798D0C03B02C}.Debug|x86.ActiveCfg = Debug|Win32
		{8CC325E0-1BCA-454B-A2FB-798D0C03B02C}.Debug|x86.Build.0 = Debug|Win32
		{8CC325E0-1BCA-454B-A2FB-798D0C03B02C}.Release|x64.ActiveCfg = Release|x64
		{8CC325E0-1BCA-454B-A2FB-798D0C03B02C}.Release|x64.Build.0 = Release|x64
		{8CC325E0-1BCA-454B-A2FB-798D0C03B02C}.Release|x86.ActiveCfg = Release|Win32
		{8CC325E0-1BCA-454B-A2FB-798D0C03B02C}.Release|x86.Build.0 = Release|Win32
		{1613D089-3C69-4B56-9218-AF48DD70AB02}.Debug|x64.ActiveCfg = Debug|x64
		{1613D089-3C69-4B56-9218-AF48DD70AB02}.Debug|x64.Build.0 = Debug|x64
		{1613D089-3C69-4B56-9218-AF48DD70AB02}.Debug|x86.ActiveCfg = Debug|Win32
		{1613D089-3C69-4B56-9218-AF48DD70AB02}.Debug|x86.Build.0 = Debug|Win32
		{1613D089-3C69-4B56-9218-AF48DD70AB02}.Release|x64.ActiveCfg = Release|x64
		{1613D089-3C69-4B56-9218-AF48DD70AB02}.Release|x64.Build.0 = Release|x64
		{1613D089-3C69-4B56-9218-AF48DD70AB02}.Release|x86.ActiveCfg = Release|Win32
		{1613D089-3C69-4B56-9218-AF48DD70AB02}.Release|x86.Build.0 = Release|Win32
		{B509F0B0-C19C-43A6-9606-547517C44BBC}.Debug|x64.ActiveCfg = Debug|x64
		{B509F0B0-C19C-43A6-9606-547517C44BBC}.Debug|x64.Build.0 = Debug|x64
		{B509F0B0-C19C-43A6-9606-547517C44BBC}.Debug|x86.ActiveCfg = Debug|Win32
		{B509F0B0-C19C-43A6-9606-547517C44BBC}.Debug|x86.Build.0 = Debug|Win32
		{B509F0B0-C19C-43A6-9606-547517C44BBC}.Release|x64.ActiveCfg = Release|x64
		{B509F0B0-C19C-43A6-9606-547517C44BBC}.Release|x64.Build.0 = Release|x64
		{B509F0B0-C19C-43A6-9606-547517C44BBC}.Release|x86.ActiveCfg = Release|Win32
		{B509F0B0-C19C-43A6-9606-547517C44BBC}.Release|x86.Build.0 = Release|Win32
		{6E0279DA-9E37-4F0D-B576-556C3CE5985D}.Debug|x64.ActiveCfg = Debug|x64
		{6E0279DA-9E37-4F0D-B576-556C3CE5985D}.Debug|x64.Build.0 = Debug|x64
		{6E0279DA-9E37-4F0D-B576-556C3CE5985D}.Debug|x86.ActiveCfg = Debug|Win32
		{6E0279DA-9E37-4F0D-B576-556C3CE5985D}.Debug|x86.Build.0 = Debug|Win32
		{6E0279DA-9E37-4F0D-B576-556C3CE5985D}.Release|x64.ActiveCfg = Release|x64
		{6E0279DA-9E37-4F0D-B576-556C3CE5985D}.Release|x64.Build.0 = Release|x64
		{6E0279DA-9E37-4F0D-B576-556C3CE5985D}.Release|x86.ActiveCfg = Release|Win32
		{6E0279DA-9E37-4F0D-B576-556C3CE5985D}.Release|x86.Build.0 = Release|Win32
	EndGlobalSection
	GlobalSection(SolutionProperties) = preSolution
		HideSolutionNode = FALSE
	EndGlobalSection
	GlobalSection(ExtensibilityGlobals) = postSolution
		SolutionGuid = {4BF24DBC-44BF-4AA4-8CE1-BF73B11B1DCC}
	EndGlobalSection
EndGlobal
